// !$*UTF8*$!
{
	archiveVersion = 1;
	classes = {
	};
	objectVersion = 50;
	objects = {

/* Begin PBXBuildFile section */
		D989E873210F67C50034D6E9 /* DataModel.xcdatamodeld in Sources */ = {isa = PBXBuildFile; fileRef = D989E871210F67C50034D6E9 /* DataModel.xcdatamodeld */; };
		D989E876210F69630034D6E9 /* Location+CoreDataClass.swift in Sources */ = {isa = PBXBuildFile; fileRef = D989E874210F69630034D6E9 /* Location+CoreDataClass.swift */; };
		D989E877210F69630034D6E9 /* Location+CoreDataProperties.swift in Sources */ = {isa = PBXBuildFile; fileRef = D989E875210F69630034D6E9 /* Location+CoreDataProperties.swift */; };
		D989E8792110E0D60034D6E9 /* LocationsViewController.swift in Sources */ = {isa = PBXBuildFile; fileRef = D989E8782110E0D60034D6E9 /* LocationsViewController.swift */; };
		D989E87D21122A670034D6E9 /* LocationCell.swift in Sources */ = {isa = PBXBuildFile; fileRef = D989E87C21122A670034D6E9 /* LocationCell.swift */; };
		D99AFC1C2107727C00E6E50E /* AppDelegate.swift in Sources */ = {isa = PBXBuildFile; fileRef = D99AFC1B2107727C00E6E50E /* AppDelegate.swift */; };
		D99AFC1E2107727C00E6E50E /* CurrentLocationViewController.swift in Sources */ = {isa = PBXBuildFile; fileRef = D99AFC1D2107727C00E6E50E /* CurrentLocationViewController.swift */; };
		D99AFC232107727C00E6E50E /* Main.storyboard in Resources */ = {isa = PBXBuildFile; fileRef = D99AFC212107727C00E6E50E /* Main.storyboard */; };
		D99AFC252107728D00E6E50E /* Assets.xcassets in Resources */ = {isa = PBXBuildFile; fileRef = D99AFC242107728D00E6E50E /* Assets.xcassets */; };
		D99AFC282107728D00E6E50E /* LaunchScreen.storyboard in Resources */ = {isa = PBXBuildFile; fileRef = D99AFC262107728D00E6E50E /* LaunchScreen.storyboard */; };
		D99AFC30210A154800E6E50E /* LocationDetailsViewController.swift in Sources */ = {isa = PBXBuildFile; fileRef = D99AFC2F210A154800E6E50E /* LocationDetailsViewController.swift */; };
		D99AFC32210B6A2000E6E50E /* CategoryPickerViewController.swift in Sources */ = {isa = PBXBuildFile; fileRef = D99AFC31210B6A2000E6E50E /* CategoryPickerViewController.swift */; };
		D99AFC34210B720C00E6E50E /* HudView.swift in Sources */ = {isa = PBXBuildFile; fileRef = D99AFC33210B720C00E6E50E /* HudView.swift */; };
		D99AFC36210B790C00E6E50E /* Functions.swift in Sources */ = {isa = PBXBuildFile; fileRef = D99AFC35210B790C00E6E50E /* Functions.swift */; };
		D9CE27B32114D169001D0DAC /* MapKit.framework in Frameworks */ = {isa = PBXBuildFile; fileRef = D9CE27B22114D169001D0DAC /* MapKit.framework */; };
		D9CE27B52114DBA2001D0DAC /* MapViewController.swift in Sources */ = {isa = PBXBuildFile; fileRef = D9CE27B42114DBA2001D0DAC /* MapViewController.swift */; };
		D9CE27B7211A1B48001D0DAC /* UIImage+Resize.swift in Sources */ = {isa = PBXBuildFile; fileRef = D9CE27B6211A1B48001D0DAC /* UIImage+Resize.swift */; };
		D9CE27B9211A1CAB001D0DAC /* String+AddText.swift in Sources */ = {isa = PBXBuildFile; fileRef = D9CE27B8211A1CAB001D0DAC /* String+AddText.swift */; };
		D9CE27BB211C2869001D0DAC /* MyTabBarController.swift in Sources */ = {isa = PBXBuildFile; fileRef = D9CE27BA211C2869001D0DAC /* MyTabBarController.swift */; };
		D9CE27BD211C2944001D0DAC /* MyNavigationController.swift in Sources */ = {isa = PBXBuildFile; fileRef = D9CE27BC211C2944001D0DAC /* MyNavigationController.swift */; };
		D9CE27BF211C2A51001D0DAC /* MyImagePickerController.swift in Sources */ = {isa = PBXBuildFile; fileRef = D9CE27BE211C2A51001D0DAC /* MyImagePickerController.swift */; };
/* End PBXBuildFile section */

/* Begin PBXFileReference section */
		D989E872210F67C50034D6E9 /* DataModel.xcdatamodel */ = {isa = PBXFileReference; lastKnownFileType = wrapper.xcdatamodel; path = DataModel.xcdatamodel; sourceTree = "<group>"; };
		D989E874210F69630034D6E9 /* Location+CoreDataClass.swift */ = {isa = PBXFileReference; lastKnownFileType = sourcecode.swift; path = "Location+CoreDataClass.swift"; sourceTree = "<group>"; };
		D989E875210F69630034D6E9 /* Location+CoreDataProperties.swift */ = {isa = PBXFileReference; lastKnownFileType = sourcecode.swift; path = "Location+CoreDataProperties.swift"; sourceTree = "<group>"; };
		D989E8782110E0D60034D6E9 /* LocationsViewController.swift */ = {isa = PBXFileReference; lastKnownFileType = sourcecode.swift; path = LocationsViewController.swift; sourceTree = "<group>"; };
		D989E87C21122A670034D6E9 /* LocationCell.swift */ = {isa = PBXFileReference; lastKnownFileType = sourcecode.swift; path = LocationCell.swift; sourceTree = "<group>"; };
		D99AFC182107727C00E6E50E /* MyLocations.app */ = {isa = PBXFileReference; explicitFileType = wrapper.application; includeInIndex = 0; path = MyLocations.app; sourceTree = BUILT_PRODUCTS_DIR; };
		D99AFC1B2107727C00E6E50E /* AppDelegate.swift */ = {isa = PBXFileReference; lastKnownFileType = sourcecode.swift; path = AppDelegate.swift; sourceTree = "<group>"; };
		D99AFC1D2107727C00E6E50E /* CurrentLocationViewController.swift */ = {isa = PBXFileReference; lastKnownFileType = sourcecode.swift; path = CurrentLocationViewController.swift; sourceTree = "<group>"; };
		D99AFC222107727C00E6E50E /* Base */ = {isa = PBXFileReference; lastKnownFileType = file.storyboard; name = Base; path = Base.lproj/Main.storyboard; sourceTree = "<group>"; };
		D99AFC242107728D00E6E50E /* Assets.xcassets */ = {isa = PBXFileReference; lastKnownFileType = folder.assetcatalog; path = Assets.xcassets; sourceTree = "<group>"; };
		D99AFC272107728D00E6E50E /* Base */ = {isa = PBXFileReference; lastKnownFileType = file.storyboard; name = Base; path = Base.lproj/LaunchScreen.storyboard; sourceTree = "<group>"; };
		D99AFC292107728D00E6E50E /* Info.plist */ = {isa = PBXFileReference; lastKnownFileType = text.plist.xml; path = Info.plist; sourceTree = "<group>"; };
		D99AFC2F210A154800E6E50E /* LocationDetailsViewController.swift */ = {isa = PBXFileReference; lastKnownFileType = sourcecode.swift; path = LocationDetailsViewController.swift; sourceTree = "<group>"; };
		D99AFC31210B6A2000E6E50E /* CategoryPickerViewController.swift */ = {isa = PBXFileReference; lastKnownFileType = sourcecode.swift; path = CategoryPickerViewController.swift; sourceTree = "<group>"; };
		D99AFC33210B720C00E6E50E /* HudView.swift */ = {isa = PBXFileReference; lastKnownFileType = sourcecode.swift; path = HudView.swift; sourceTree = "<group>"; };
		D99AFC35210B790C00E6E50E /* Functions.swift */ = {isa = PBXFileReference; lastKnownFileType = sourcecode.swift; path = Functions.swift; sourceTree = "<group>"; };
		D9CE27B22114D169001D0DAC /* MapKit.framework */ = {isa = PBXFileReference; lastKnownFileType = wrapper.framework; name = MapKit.framework; path = System/Library/Frameworks/MapKit.framework; sourceTree = SDKROOT; };
		D9CE27B42114DBA2001D0DAC /* MapViewController.swift */ = {isa = PBXFileReference; lastKnownFileType = sourcecode.swift; path = MapViewController.swift; sourceTree = "<group>"; };
		D9CE27B6211A1B48001D0DAC /* UIImage+Resize.swift */ = {isa = PBXFileReference; lastKnownFileType = sourcecode.swift; path = "UIImage+Resize.swift"; sourceTree = "<group>"; };
		D9CE27B8211A1CAB001D0DAC /* String+AddText.swift */ = {isa = PBXFileReference; lastKnownFileType = sourcecode.swift; path = "String+AddText.swift"; sourceTree = "<group>"; };
		D9CE27BA211C2869001D0DAC /* MyTabBarController.swift */ = {isa = PBXFileReference; lastKnownFileType = sourcecode.swift; path = MyTabBarController.swift; sourceTree = "<group>"; };
		D9CE27BC211C2944001D0DAC /* MyNavigationController.swift */ = {isa = PBXFileReference; lastKnownFileType = sourcecode.swift; path = MyNavigationController.swift; sourceTree = "<group>"; };
		D9CE27BE211C2A51001D0DAC /* MyImagePickerController.swift */ = {isa = PBXFileReference; lastKnownFileType = sourcecode.swift; path = MyImagePickerController.swift; sourceTree = "<group>"; };
/* End PBXFileReference section */

/* Begin PBXFrameworksBuildPhase section */
		D99AFC152107727C00E6E50E /* Frameworks */ = {
			isa = PBXFrameworksBuildPhase;
			buildActionMask = 2147483647;
			files = (
				D9CE27B32114D169001D0DAC /* MapKit.framework in Frameworks */,
			);
			runOnlyForDeploymentPostprocessing = 0;
		};
/* End PBXFrameworksBuildPhase section */

/* Begin PBXGroup section */
		D99AFC0F2107727C00E6E50E = {
			isa = PBXGroup;
			children = (
				D989E874210F69630034D6E9 /* Location+CoreDataClass.swift */,
				D989E875210F69630034D6E9 /* Location+CoreDataProperties.swift */,
				D99AFC1A2107727C00E6E50E /* MyLocations */,
				D99AFC192107727C00E6E50E /* Products */,
				D9CE27B12114D169001D0DAC /* Frameworks */,
			);
			sourceTree = "<group>";
		};
		D99AFC192107727C00E6E50E /* Products */ = {
			isa = PBXGroup;
			children = (
				D99AFC182107727C00E6E50E /* MyLocations.app */,
			);
			name = Products;
			sourceTree = "<group>";
		};
		D99AFC1A2107727C00E6E50E /* MyLocations */ = {
			isa = PBXGroup;
			children = (
				D99AFC1B2107727C00E6E50E /* AppDelegate.swift */,
				D99AFC242107728D00E6E50E /* Assets.xcassets */,
				D99AFC31210B6A2000E6E50E /* CategoryPickerViewController.swift */,
				D99AFC1D2107727C00E6E50E /* CurrentLocationViewController.swift */,
				D989E871210F67C50034D6E9 /* DataModel.xcdatamodeld */,
				D99AFC35210B790C00E6E50E /* Functions.swift */,
				D99AFC33210B720C00E6E50E /* HudView.swift */,
				D99AFC292107728D00E6E50E /* Info.plist */,
				D99AFC262107728D00E6E50E /* LaunchScreen.storyboard */,
				D99AFC2F210A154800E6E50E /* LocationDetailsViewController.swift */,
				D99AFC212107727C00E6E50E /* Main.storyboard */,
				D989E8782110E0D60034D6E9 /* LocationsViewController.swift */,
				D989E87C21122A670034D6E9 /* LocationCell.swift */,
				D9CE27B42114DBA2001D0DAC /* MapViewController.swift */,
				D9CE27B6211A1B48001D0DAC /* UIImage+Resize.swift */,
				D9CE27B8211A1CAB001D0DAC /* String+AddText.swift */,
				D9CE27BA211C2869001D0DAC /* MyTabBarController.swift */,
				D9CE27BC211C2944001D0DAC /* MyNavigationController.swift */,
				D9CE27BE211C2A51001D0DAC /* MyImagePickerController.swift */,
			);
			path = MyLocations;
			sourceTree = "<group>";
		};
		D9CE27B12114D169001D0DAC /* Frameworks */ = {
			isa = PBXGroup;
			children = (
				D9CE27B22114D169001D0DAC /* MapKit.framework */,
			);
			name = Frameworks;
			sourceTree = "<group>";
		};
/* End PBXGroup section */

/* Begin PBXNativeTarget section */
		D99AFC172107727C00E6E50E /* MyLocations */ = {
			isa = PBXNativeTarget;
			buildConfigurationList = D99AFC2C2107728D00E6E50E /* Build configuration list for PBXNativeTarget "MyLocations" */;
			buildPhases = (
				D99AFC142107727C00E6E50E /* Sources */,
				D99AFC152107727C00E6E50E /* Frameworks */,
				D99AFC162107727C00E6E50E /* Resources */,
			);
			buildRules = (
			);
			dependencies = (
			);
			name = MyLocations;
			productName = MyLocations;
			productReference = D99AFC182107727C00E6E50E /* MyLocations.app */;
			productType = "com.apple.product-type.application";
		};
/* End PBXNativeTarget section */

/* Begin PBXProject section */
		D99AFC102107727C00E6E50E /* Project object */ = {
			isa = PBXProject;
			attributes = {
				LastSwiftUpdateCheck = 0940;
				LastUpgradeCheck = 0940;
				ORGANIZATIONNAME = "Alex Fedoseev";
				TargetAttributes = {
					D99AFC172107727C00E6E50E = {
						CreatedOnToolsVersion = 9.4.1;
						SystemCapabilities = {
							com.apple.Maps.iOS = {
								enabled = 1;
							};
						};
					};
				};
			};
			buildConfigurationList = D99AFC132107727C00E6E50E /* Build configuration list for PBXProject "MyLocations" */;
			compatibilityVersion = "Xcode 9.3";
			developmentRegion = en;
			hasScannedForEncodings = 0;
			knownRegions = (
				en,
				Base,
			);
			mainGroup = D99AFC0F2107727C00E6E50E;
			productRefGroup = D99AFC192107727C00E6E50E /* Products */;
			projectDirPath = "";
			projectRoot = "";
			targets = (
				D99AFC172107727C00E6E50E /* MyLocations */,
			);
		};
/* End PBXProject section */

/* Begin PBXResourcesBuildPhase section */
		D99AFC162107727C00E6E50E /* Resources */ = {
			isa = PBXResourcesBuildPhase;
			buildActionMask = 2147483647;
			files = (
				D99AFC282107728D00E6E50E /* LaunchScreen.storyboard in Resources */,
				D99AFC252107728D00E6E50E /* Assets.xcassets in Resources */,
				D99AFC232107727C00E6E50E /* Main.storyboard in Resources */,
			);
			runOnlyForDeploymentPostprocessing = 0;
		};
/* End PBXResourcesBuildPhase section */

/* Begin PBXSourcesBuildPhase section */
		D99AFC142107727C00E6E50E /* Sources */ = {
			isa = PBXSourcesBuildPhase;
			buildActionMask = 2147483647;
			files = (
				D99AFC30210A154800E6E50E /* LocationDetailsViewController.swift in Sources */,
				D9CE27BD211C2944001D0DAC /* MyNavigationController.swift in Sources */,
				D989E873210F67C50034D6E9 /* DataModel.xcdatamodeld in Sources */,
				D9CE27BF211C2A51001D0DAC /* MyImagePickerController.swift in Sources */,
				D99AFC34210B720C00E6E50E /* HudView.swift in Sources */,
				D989E8792110E0D60034D6E9 /* LocationsViewController.swift in Sources */,
				D989E877210F69630034D6E9 /* Location+CoreDataProperties.swift in Sources */,
				D9CE27B52114DBA2001D0DAC /* MapViewController.swift in Sources */,
				D9CE27B7211A1B48001D0DAC /* UIImage+Resize.swift in Sources */,
				D989E87D21122A670034D6E9 /* LocationCell.swift in Sources */,
				D99AFC36210B790C00E6E50E /* Functions.swift in Sources */,
				D99AFC1C2107727C00E6E50E /* AppDelegate.swift in Sources */,
				D989E876210F69630034D6E9 /* Location+CoreDataClass.swift in Sources */,
				D9CE27B9211A1CAB001D0DAC /* String+AddText.swift in Sources */,
				D99AFC32210B6A2000E6E50E /* CategoryPickerViewController.swift in Sources */,
				D99AFC1E2107727C00E6E50E /* CurrentLocationViewController.swift in Sources */,
				D9CE27BB211C2869001D0DAC /* MyTabBarController.swift in Sources */,
			);
			runOnlyForDeploymentPostprocessing = 0;
		};
/* End PBXSourcesBuildPhase section */

/* Begin PBXVariantGroup section */
		D99AFC212107727C00E6E50E /* Main.storyboard */ = {
			isa = PBXVariantGroup;
			children = (
				D99AFC222107727C00E6E50E /* Base */,
			);
			name = Main.storyboard;
			sourceTree = "<group>";
		};
		D99AFC262107728D00E6E50E /* LaunchScreen.storyboard */ = {
			isa = PBXVariantGroup;
			children = (
				D99AFC272107728D00E6E50E /* Base */,
			);
			name = LaunchScreen.storyboard;
			sourceTree = "<group>";
		};
/* End PBXVariantGroup section */

/* Begin XCBuildConfiguration section */
		D99AFC2A2107728D00E6E50E /* Debug */ = {
			isa = XCBuildConfiguration;
			buildSettings = {
				ALWAYS_SEARCH_USER_PATHS = NO;
				CLANG_ANALYZER_NONNULL = YES;
				CLANG_ANALYZER_NUMBER_OBJECT_CONVERSION = YES_AGGRESSIVE;
				CLANG_CXX_LANGUAGE_STANDARD = "gnu++14";
				CLANG_CXX_LIBRARY = "libc++";
				CLANG_ENABLE_MODULES = YES;
				CLANG_ENABLE_OBJC_ARC = YES;
				CLANG_ENABLE_OBJC_WEAK = YES;
				CLANG_WARN_BLOCK_CAPTURE_AUTORELEASING = YES;
				CLANG_WARN_BOOL_CONVERSION = YES;
				CLANG_WARN_COMMA = YES;
				CLANG_WARN_CONSTANT_CONVERSION = YES;
				CLANG_WARN_DEPRECATED_OBJC_IMPLEMENTATIONS = YES;
				CLANG_WARN_DIRECT_OBJC_ISA_USAGE = YES_ERROR;
				CLANG_WARN_DOCUMENTATION_COMMENTS = YES;
				CLANG_WARN_EMPTY_BODY = YES;
				CLANG_WARN_ENUM_CONVERSION = YES;
				CLANG_WARN_INFINITE_RECURSION = YES;
				CLANG_WARN_INT_CONVERSION = YES;
				CLANG_WARN_NON_LITERAL_NULL_CONVERSION = YES;
				CLANG_WARN_OBJC_IMPLICIT_RETAIN_SELF = YES;
				CLANG_WARN_OBJC_LITERAL_CONVERSION = YES;
				CLANG_WARN_OBJC_ROOT_CLASS = YES_ERROR;
				CLANG_WARN_RANGE_LOOP_ANALYSIS = YES;
				CLANG_WARN_STRICT_PROTOTYPES = YES;
				CLANG_WARN_SUSPICIOUS_MOVE = YES;
				CLANG_WARN_UNGUARDED_AVAILABILITY = YES_AGGRESSIVE;
				CLANG_WARN_UNREACHABLE_CODE = YES;
				CLANG_WARN__DUPLICATE_METHOD_MATCH = YES;
				CODE_SIGN_IDENTITY = "iPhone Developer";
				COPY_PHASE_STRIP = NO;
				DEBUG_INFORMATION_FORMAT = dwarf;
				ENABLE_STRICT_OBJC_MSGSEND = YES;
				ENABLE_TESTABILITY = YES;
				GCC_C_LANGUAGE_STANDARD = gnu11;
				GCC_DYNAMIC_NO_PIC = NO;
				GCC_NO_COMMON_BLOCKS = YES;
				GCC_OPTIMIZATION_LEVEL = 0;
				GCC_PREPROCESSOR_DEFINITIONS = (
					"DEBUG=1",
					"$(inherited)",
				);
				GCC_WARN_64_TO_32_BIT_CONVERSION = YES;
				GCC_WARN_ABOUT_RETURN_TYPE = YES_ERROR;
				GCC_WARN_UNDECLARED_SELECTOR = YES;
				GCC_WARN_UNINITIALIZED_AUTOS = YES_AGGRESSIVE;
				GCC_WARN_UNUSED_FUNCTION = YES;
				GCC_WARN_UNUSED_VARIABLE = YES;
				IPHONEOS_DEPLOYMENT_TARGET = 11.4;
				MTL_ENABLE_DEBUG_INFO = YES;
				ONLY_ACTIVE_ARCH = YES;
				SDKROOT = iphoneos;
				SWIFT_ACTIVE_COMPILATION_CONDITIONS = DEBUG;
				SWIFT_OPTIMIZATION_LEVEL = "-Onone";
			};
			name = Debug;
		};
		D99AFC2B2107728D00E6E50E /* Release */ = {
			isa = XCBuildConfiguration;
			buildSettings = {
				ALWAYS_SEARCH_USER_PATHS = NO;
				CLANG_ANALYZER_NONNULL = YES;
				CLANG_ANALYZER_NUMBER_OBJECT_CONVERSION = YES_AGGRESSIVE;
				CLANG_CXX_LANGUAGE_STANDARD = "gnu++14";
				CLANG_CXX_LIBRARY = "libc++";
				CLANG_ENABLE_MODULES = YES;
				CLANG_ENABLE_OBJC_ARC = YES;
				CLANG_ENABLE_OBJC_WEAK = YES;
				CLANG_WARN_BLOCK_CAPTURE_AUTORELEASING = YES;
				CLANG_WARN_BOOL_CONVERSION = YES;
				CLANG_WARN_COMMA = YES;
				CLANG_WARN_CONSTANT_CONVERSION = YES;
				CLANG_WARN_DEPRECATED_OBJC_IMPLEMENTATIONS = YES;
				CLANG_WARN_DIRECT_OBJC_ISA_USAGE = YES_ERROR;
				CLANG_WARN_DOCUMENTATION_COMMENTS = YES;
				CLANG_WARN_EMPTY_BODY = YES;
				CLANG_WARN_ENUM_CONVERSION = YES;
				CLANG_WARN_INFINITE_RECURSION = YES;
				CLANG_WARN_INT_CONVERSION = YES;
				CLANG_WARN_NON_LITERAL_NULL_CONVERSION = YES;
				CLANG_WARN_OBJC_IMPLICIT_RETAIN_SELF = YES;
				CLANG_WARN_OBJC_LITERAL_CONVERSION = YES;
				CLANG_WARN_OBJC_ROOT_CLASS = YES_ERROR;
				CLANG_WARN_RANGE_LOOP_ANALYSIS = YES;
				CLANG_WARN_STRICT_PROTOTYPES = YES;
				CLANG_WARN_SUSPICIOUS_MOVE = YES;
				CLANG_WARN_UNGUARDED_AVAILABILITY = YES_AGGRESSIVE;
				CLANG_WARN_UNREACHABLE_CODE = YES;
				CLANG_WARN__DUPLICATE_METHOD_MATCH = YES;
				CODE_SIGN_IDENTITY = "iPhone Developer";
				COPY_PHASE_STRIP = NO;
				DEBUG_INFORMATION_FORMAT = "dwarf-with-dsym";
				ENABLE_NS_ASSERTIONS = NO;
				ENABLE_STRICT_OBJC_MSGSEND = YES;
				GCC_C_LANGUAGE_STANDARD = gnu11;
				GCC_NO_COMMON_BLOCKS = YES;
				GCC_WARN_64_TO_32_BIT_CONVERSION = YES;
				GCC_WARN_ABOUT_RETURN_TYPE = YES_ERROR;
				GCC_WARN_UNDECLARED_SELECTOR = YES;
				GCC_WARN_UNINITIALIZED_AUTOS = YES_AGGRESSIVE;
				GCC_WARN_UNUSED_FUNCTION = YES;
				GCC_WARN_UNUSED_VARIABLE = YES;
				IPHONEOS_DEPLOYMENT_TARGET = 11.4;
				MTL_ENABLE_DEBUG_INFO = NO;
				SDKROOT = iphoneos;
				SWIFT_COMPILATION_MODE = wholemodule;
				SWIFT_OPTIMIZATION_LEVEL = "-O";
				VALIDATE_PRODUCT = YES;
			};
			name = Release;
		};
		D99AFC2D2107728D00E6E50E /* Debug */ = {
			isa = XCBuildConfiguration;
			buildSettings = {
				ASSETCATALOG_COMPILER_APPICON_NAME = AppIcon;
				CODE_SIGN_STYLE = Automatic;
				DEVELOPMENT_TEAM = 9D23U6XAWC;
				INFOPLIST_FILE = MyLocations/Info.plist;
				LD_RUNPATH_SEARCH_PATHS = (
					"$(inherited)",
					"@executable_path/Frameworks",
				);
				PRODUCT_BUNDLE_IDENTIFIER = com.almaunion.MyLocations;
				PRODUCT_NAME = "$(TARGET_NAME)";
				SWIFT_VERSION = 4.0;
				TARGETED_DEVICE_FAMILY = "1,2";
			};
			name = Debug;
		};
		D99AFC2E2107728D00E6E50E /* Release */ = {
			isa = XCBuildConfiguration;
			buildSettings = {
				ASSETCATALOG_COMPILER_APPICON_NAME = AppIcon;
				CODE_SIGN_STYLE = Automatic;
				DEVELOPMENT_TEAM = 9D23U6XAWC;
				INFOPLIST_FILE = MyLocations/Info.plist;
				LD_RUNPATH_SEARCH_PATHS = (
					"$(inherited)",
					"@executable_path/Frameworks",
				);
				PRODUCT_BUNDLE_IDENTIFIER = com.almaunion.MyLocations;
				PRODUCT_NAME = "$(TARGET_NAME)";
				SWIFT_VERSION = 4.0;
				TARGETED_DEVICE_FAMILY = "1,2";
			};
			name = Release;
		};
/* End XCBuildConfiguration section */

/* Begin XCConfigurationList section */
		D99AFC132107727C00E6E50E /* Build configuration list for PBXProject "MyLocations" */ = {
			isa = XCConfigurationList;
			buildConfigurations = (
				D99AFC2A2107728D00E6E50E /* Debug */,
				D99AFC2B2107728D00E6E50E /* Release */,
			);
			defaultConfigurationIsVisible = 0;
			defaultConfigurationName = Release;
		};
		D99AFC2C2107728D00E6E50E /* Build configuration list for PBXNativeTarget "MyLocations" */ = {
			isa = XCConfigurationList;
			buildConfigurations = (
				D99AFC2D2107728D00E6E50E /* Debug */,
				D99AFC2E2107728D00E6E50E /* Release */,
			);
			defaultConfigurationIsVisible = 0;
			defaultConfigurationName = Release;
		};
/* End XCConfigurationList section */

/* Begin XCVersionGroup section */
		D989E871210F67C50034D6E9 /* DataModel.xcdatamodeld */ = {
			isa = XCVersionGroup;
			children = (
				D989E872210F67C50034D6E9 /* DataModel.xcdatamodel */,
			);
			currentVersion = D989E872210F67C50034D6E9 /* DataModel.xcdatamodel */;
			path = DataModel.xcdatamodeld;
			sourceTree = "<group>";
			versionGroupType = wrapper.xcdatamodel;
		};
/* End XCVersionGroup section */
	};
	rootObject = D99AFC102107727C00E6E50E /* Project object */;
}
